
Microsoft Visual Studio Solution File, Format Version 12.00
# Visual Studio Version 17
VisualStudioVersion = 17.3.32922.545
MinimumVisualStudioVersion = 10.0.40219.1
Project("{FAE04EC0-301F-11D3-BF4B-00C04F79EFBC}") = "AplicacaoRasther", "AplicacaoRasther.csproj", "{8230C9E3-BC48-4699-AA4E-4E9D9538235B}"
EndProject
Global
	GlobalSection(SolutionConfigurationPlatforms) = preSolution
		Debug|Any CPU = Debug|Any CPU
		Release|Any CPU = Release|Any CPU
	EndGlobalSection
	GlobalSection(ProjectConfigurationPlatforms) = postSolution
		{8230C9E3-BC48-4699-AA4E-4E9D9538235B}.Debug|Any CPU.ActiveCfg = Debug|Any CPU
		{8230C9E3-BC48-4699-AA4E-4E9D9538235B}.Debug|Any CPU.Build.0 = Debug|Any CPU
		{8230C9E3-BC48-4699-AA4E-4E9D9538235B}.Release|Any CPU.ActiveCfg = Release|Any CPU
		{8230C9E3-BC48-4699-AA4E-4E9D9538235B}.Release|Any CPU.Build.0 = Release|Any CPU
	EndGlobalSection
	GlobalSection(SolutionProperties) = preSolution
		HideSolutionNode = FALSE
	EndGlobalSection
	GlobalSection(ExtensibilityGlobals) = postSolution
		SolutionGuid = {0EC523F1-95E2-4A6F-ACED-241C7A76E17A}
	EndGlobalSection
EndGlobal
