
Microsoft Visual Studio Solution File, Format Version 12.00
# Visual Studio Version 17
VisualStudioVersion = 17.3.32922.545
MinimumVisualStudioVersion = 10.0.40219.1
Project("{F2A71F9B-5D33-465A-A702-920D77279786}") = "AplicacaoRasther", "AplicacaoRasther.fsproj", "{B9DFB51A-8EC4-4FEA-B2E2-330997F4510A}"
EndProject
Global
	GlobalSection(SolutionConfigurationPlatforms) = preSolution
		Debug|Any CPU = Debug|Any CPU
		Release|Any CPU = Release|Any CPU
	EndGlobalSection
	GlobalSection(ProjectConfigurationPlatforms) = postSolution
		{B9DFB51A-8EC4-4FEA-B2E2-330997F4510A}.Debug|Any CPU.ActiveCfg = Debug|Any CPU
		{B9DFB51A-8EC4-4FEA-B2E2-330997F4510A}.Debug|Any CPU.Build.0 = Debug|Any CPU
		{B9DFB51A-8EC4-4FEA-B2E2-330997F4510A}.Release|Any CPU.ActiveCfg = Release|Any CPU
		{B9DFB51A-8EC4-4FEA-B2E2-330997F4510A}.Release|Any CPU.Build.0 = Release|Any CPU
	EndGlobalSection
	GlobalSection(SolutionProperties) = preSolution
		HideSolutionNode = FALSE
	EndGlobalSection
	GlobalSection(ExtensibilityGlobals) = postSolution
		SolutionGuid = {A6C46643-2B49-4250-A48B-BB2963B35F88}
	EndGlobalSection
EndGlobal
